// !$*UTF8*$!
{
	archiveVersion = 1;
	classes = {
	};
	objectVersion = 70;
	objects = {

/* Begin PBXBuildFile section */
		171E04ED2D70DBEA00E76D9D /* Kingfisher in Frameworks */ = {isa = PBXBuildFile; productRef = 171E04EC2D70DBEA00E76D9D /* Kingfisher */; };
		171E04F02D70DCB000E76D9D /* FirebaseAnalytics in Frameworks */ = {isa = PBXBuildFile; productRef = 171E04EF2D70DCB000E76D9D /* FirebaseAnalytics */; };
		171E04F22D70DCB000E76D9D /* FirebaseAnalyticsOnDeviceConversion in Frameworks */ = {isa = PBXBuildFile; productRef = 171E04F12D70DCB000E76D9D /* FirebaseAnalyticsOnDeviceConversion */; };
		171E04F42D70DCB000E76D9D /* FirebaseAnalyticsWithoutAdIdSupport in Frameworks */ = {isa = PBXBuildFile; productRef = 171E04F32D70DCB000E76D9D /* FirebaseAnalyticsWithoutAdIdSupport */; };
		171E04F62D70DCB000E76D9D /* FirebaseAppCheck in Frameworks */ = {isa = PBXBuildFile; productRef = 171E04F52D70DCB000E76D9D /* FirebaseAppCheck */; };
		171E04F82D70DCB000E76D9D /* FirebaseAppDistribution-Beta in Frameworks */ = {isa = PBXBuildFile; productRef = 171E04F72D70DCB000E76D9D /* FirebaseAppDistribution-Beta */; };
		171E04FA2D70DCB000E76D9D /* FirebaseAuth in Frameworks */ = {isa = PBXBuildFile; productRef = 171E04F92D70DCB000E76D9D /* FirebaseAuth */; };
		171E04FC2D70DCB000E76D9D /* FirebaseAuthCombine-Community in Frameworks */ = {isa = PBXBuildFile; productRef = 171E04FB2D70DCB000E76D9D /* FirebaseAuthCombine-Community */; };
		171E04FE2D70DCB000E76D9D /* FirebaseCore in Frameworks */ = {isa = PBXBuildFile; productRef = 171E04FD2D70DCB000E76D9D /* FirebaseCore */; };
		171E05002D70DCB000E76D9D /* FirebaseCrashlytics in Frameworks */ = {isa = PBXBuildFile; productRef = 171E04FF2D70DCB000E76D9D /* FirebaseCrashlytics */; };
		171E05022D70DCB000E76D9D /* FirebaseDatabase in Frameworks */ = {isa = PBXBuildFile; productRef = 171E05012D70DCB000E76D9D /* FirebaseDatabase */; };
		171E05042D70DCB000E76D9D /* FirebaseDynamicLinks in Frameworks */ = {isa = PBXBuildFile; productRef = 171E05032D70DCB000E76D9D /* FirebaseDynamicLinks */; };
		171E05062D70DCB000E76D9D /* FirebaseFirestore in Frameworks */ = {isa = PBXBuildFile; productRef = 171E05052D70DCB000E76D9D /* FirebaseFirestore */; };
		171E05082D70DCB000E76D9D /* FirebaseFirestoreCombine-Community in Frameworks */ = {isa = PBXBuildFile; productRef = 171E05072D70DCB000E76D9D /* FirebaseFirestoreCombine-Community */; };
		171E050A2D70DCB000E76D9D /* FirebaseFunctions in Frameworks */ = {isa = PBXBuildFile; productRef = 171E05092D70DCB000E76D9D /* FirebaseFunctions */; };
		171E050C2D70DCB000E76D9D /* FirebaseFunctionsCombine-Community in Frameworks */ = {isa = PBXBuildFile; productRef = 171E050B2D70DCB000E76D9D /* FirebaseFunctionsCombine-Community */; };
		171E050E2D70DCB000E76D9D /* FirebaseInAppMessaging-Beta in Frameworks */ = {isa = PBXBuildFile; productRef = 171E050D2D70DCB000E76D9D /* FirebaseInAppMessaging-Beta */; };
		171E05102D70DCB000E76D9D /* FirebaseInstallations in Frameworks */ = {isa = PBXBuildFile; productRef = 171E050F2D70DCB000E76D9D /* FirebaseInstallations */; };
		171E05122D70DCB000E76D9D /* FirebaseMLModelDownloader in Frameworks */ = {isa = PBXBuildFile; productRef = 171E05112D70DCB000E76D9D /* FirebaseMLModelDownloader */; };
		171E05142D70DCB000E76D9D /* FirebaseMessaging in Frameworks */ = {isa = PBXBuildFile; productRef = 171E05132D70DCB000E76D9D /* FirebaseMessaging */; };
		171E05162D70DCB000E76D9D /* FirebasePerformance in Frameworks */ = {isa = PBXBuildFile; productRef = 171E05152D70DCB000E76D9D /* FirebasePerformance */; };
		171E05182D70DCB000E76D9D /* FirebaseRemoteConfig in Frameworks */ = {isa = PBXBuildFile; productRef = 171E05172D70DCB000E76D9D /* FirebaseRemoteConfig */; };
		171E051A2D70DCB000E76D9D /* FirebaseStorage in Frameworks */ = {isa = PBXBuildFile; productRef = 171E05192D70DCB000E76D9D /* FirebaseStorage */; };
		171E051C2D70DCB000E76D9D /* FirebaseStorageCombine-Community in Frameworks */ = {isa = PBXBuildFile; productRef = 171E051B2D70DCB000E76D9D /* FirebaseStorageCombine-Community */; };
		171E051E2D70DCB000E76D9D /* FirebaseVertexAI in Frameworks */ = {isa = PBXBuildFile; productRef = 171E051D2D70DCB000E76D9D /* FirebaseVertexAI */; };
/* End PBXBuildFile section */

/* Begin PBXContainerItemProxy section */
		17CDC47B2D6DDB17006987AB /* PBXContainerItemProxy */ = {
			isa = PBXContainerItemProxy;
			containerPortal = 17CDC45D2D6DDB15006987AB /* Project object */;
			proxyType = 1;
			remoteGlobalIDString = 17CDC4642D6DDB15006987AB;
			remoteInfo = "Zervvo Pet Tracker";
		};
		17CDC4852D6DDB17006987AB /* PBXContainerItemProxy */ = {
			isa = PBXContainerItemProxy;
			containerPortal = 17CDC45D2D6DDB15006987AB /* Project object */;
			proxyType = 1;
			remoteGlobalIDString = 17CDC4642D6DDB15006987AB;
			remoteInfo = "Zervvo Pet Tracker";
		};
/* End PBXContainerItemProxy section */

/* Begin PBXFileReference section */
		17CDC4652D6DDB15006987AB /* Zervvo Pet Tracker.app */ = {isa = PBXFileReference; explicitFileType = wrapper.application; includeInIndex = 0; path = "Zervvo Pet Tracker.app"; sourceTree = BUILT_PRODUCTS_DIR; };
		17CDC47A2D6DDB17006987AB /* Zervvo Pet TrackerTests.xctest */ = {isa = PBXFileReference; explicitFileType = wrapper.cfbundle; includeInIndex = 0; path = "Zervvo Pet TrackerTests.xctest"; sourceTree = BUILT_PRODUCTS_DIR; };
		17CDC4842D6DDB17006987AB /* Zervvo Pet TrackerUITests.xctest */ = {isa = PBXFileReference; explicitFileType = wrapper.cfbundle; includeInIndex = 0; path = "Zervvo Pet TrackerUITests.xctest"; sourceTree = BUILT_PRODUCTS_DIR; };
/* End PBXFileReference section */

/* Begin PBXFileSystemSynchronizedBuildFileExceptionSet section */
		17CDC49C2D6DDD66006987AB /* PBXFileSystemSynchronizedBuildFileExceptionSet */ = {
			isa = PBXFileSystemSynchronizedBuildFileExceptionSet;
			membershipExceptions = (
				AddPetView/AddPetView.swift,
				Authentication/AuthenticationView.swift,
				Authentication/AuthenticationViewModel.swift,
				"GoogleService-Info.plist",
				MainView/MainView.swift,
				MainView/ProfileView.swift,
				PetListingView/PetDetailView.swift,
				PetListingView/PetListingView.swift,
				PetListingView/PetListingViewModel.swift,
				"Preview Assets.xcassets",
				"Preview Content/Preview Assets.xcassets",
			);
			target = 17CDC4792D6DDB17006987AB /* Zervvo Pet TrackerTests */;
		};
		17CDC49D2D6DDD66006987AB /* PBXFileSystemSynchronizedBuildFileExceptionSet */ = {
			isa = PBXFileSystemSynchronizedBuildFileExceptionSet;
			membershipExceptions = (
				AddPetView/AddPetView.swift,
				Authentication/AuthenticationView.swift,
				Authentication/AuthenticationViewModel.swift,
				"GoogleService-Info.plist",
				MainView/MainView.swift,
				MainView/ProfileView.swift,
				PetListingView/PetDetailView.swift,
				PetListingView/PetListingView.swift,
				PetListingView/PetListingViewModel.swift,
				"Preview Assets.xcassets",
				"Preview Content/Preview Assets.xcassets",
			);
			target = 17CDC4832D6DDB17006987AB /* Zervvo Pet TrackerUITests */;
		};
/* End PBXFileSystemSynchronizedBuildFileExceptionSet section */

/* Begin PBXFileSystemSynchronizedRootGroup section */
		17CDC4672D6DDB15006987AB /* Zervvo Pet Tracker */ = {isa = PBXFileSystemSynchronizedRootGroup; exceptions = (17CDC49C2D6DDD66006987AB /* PBXFileSystemSynchronizedBuildFileExceptionSet */, 17CDC49D2D6DDD66006987AB /* PBXFileSystemSynchronizedBuildFileExceptionSet */, ); explicitFileTypes = {}; explicitFolders = (); path = "Zervvo Pet Tracker"; sourceTree = "<group>"; };
		17CDC47D2D6DDB17006987AB /* Zervvo Pet TrackerTests */ = {isa = PBXFileSystemSynchronizedRootGroup; explicitFileTypes = {}; explicitFolders = (); path = "Zervvo Pet TrackerTests"; sourceTree = "<group>"; };
		17CDC4872D6DDB17006987AB /* Zervvo Pet TrackerUITests */ = {isa = PBXFileSystemSynchronizedRootGroup; explicitFileTypes = {}; explicitFolders = (); path = "Zervvo Pet TrackerUITests"; sourceTree = "<group>"; };
/* End PBXFileSystemSynchronizedRootGroup section */

/* Begin PBXFrameworksBuildPhase section */
		17CDC4622D6DDB15006987AB /* Frameworks */ = {
			isa = PBXFrameworksBuildPhase;
			buildActionMask = 2147483647;
			files = (
				171E04F02D70DCB000E76D9D /* FirebaseAnalytics in Frameworks */,
				171E05062D70DCB000E76D9D /* FirebaseFirestore in Frameworks */,
				171E04F22D70DCB000E76D9D /* FirebaseAnalyticsOnDeviceConversion in Frameworks */,
				171E05102D70DCB000E76D9D /* FirebaseInstallations in Frameworks */,
				171E04ED2D70DBEA00E76D9D /* Kingfisher in Frameworks */,
				171E04F62D70DCB000E76D9D /* FirebaseAppCheck in Frameworks */,
				171E050E2D70DCB000E76D9D /* FirebaseInAppMessaging-Beta in Frameworks */,
				171E04F42D70DCB000E76D9D /* FirebaseAnalyticsWithoutAdIdSupport in Frameworks */,
				171E04FA2D70DCB000E76D9D /* FirebaseAuth in Frameworks */,
				171E050C2D70DCB000E76D9D /* FirebaseFunctionsCombine-Community in Frameworks */,
				171E051C2D70DCB000E76D9D /* FirebaseStorageCombine-Community in Frameworks */,
				171E04F82D70DCB000E76D9D /* FirebaseAppDistribution-Beta in Frameworks */,
				171E051E2D70DCB000E76D9D /* FirebaseVertexAI in Frameworks */,
				171E051A2D70DCB000E76D9D /* FirebaseStorage in Frameworks */,
				171E05182D70DCB000E76D9D /* FirebaseRemoteConfig in Frameworks */,
				171E05002D70DCB000E76D9D /* FirebaseCrashlytics in Frameworks */,
				171E05142D70DCB000E76D9D /* FirebaseMessaging in Frameworks */,
				171E05122D70DCB000E76D9D /* FirebaseMLModelDownloader in Frameworks */,
				171E05162D70DCB000E76D9D /* FirebasePerformance in Frameworks */,
				171E05022D70DCB000E76D9D /* FirebaseDatabase in Frameworks */,
				171E04FE2D70DCB000E76D9D /* FirebaseCore in Frameworks */,
				171E04FC2D70DCB000E76D9D /* FirebaseAuthCombine-Community in Frameworks */,
				171E050A2D70DCB000E76D9D /* FirebaseFunctions in Frameworks */,
				171E05042D70DCB000E76D9D /* FirebaseDynamicLinks in Frameworks */,
				171E05082D70DCB000E76D9D /* FirebaseFirestoreCombine-Community in Frameworks */,
			);
			runOnlyForDeploymentPostprocessing = 0;
		};
		17CDC4772D6DDB17006987AB /* Frameworks */ = {
			isa = PBXFrameworksBuildPhase;
			buildActionMask = 2147483647;
			files = (
			);
			runOnlyForDeploymentPostprocessing = 0;
		};
		17CDC4812D6DDB17006987AB /* Frameworks */ = {
			isa = PBXFrameworksBuildPhase;
			buildActionMask = 2147483647;
			files = (
			);
			runOnlyForDeploymentPostprocessing = 0;
		};
/* End PBXFrameworksBuildPhase section */

/* Begin PBXGroup section */
		17CDC45C2D6DDB15006987AB = {
			isa = PBXGroup;
			children = (
				17CDC4672D6DDB15006987AB /* Zervvo Pet Tracker */,
				17CDC47D2D6DDB17006987AB /* Zervvo Pet TrackerTests */,
				17CDC4872D6DDB17006987AB /* Zervvo Pet TrackerUITests */,
				17CDC4662D6DDB15006987AB /* Products */,
			);
			sourceTree = "<group>";
		};
		17CDC4662D6DDB15006987AB /* Products */ = {
			isa = PBXGroup;
			children = (
				17CDC4652D6DDB15006987AB /* Zervvo Pet Tracker.app */,
				17CDC47A2D6DDB17006987AB /* Zervvo Pet TrackerTests.xctest */,
				17CDC4842D6DDB17006987AB /* Zervvo Pet TrackerUITests.xctest */,
			);
			name = Products;
			sourceTree = "<group>";
		};
/* End PBXGroup section */

/* Begin PBXNativeTarget section */
		17CDC4642D6DDB15006987AB /* Zervvo Pet Tracker */ = {
			isa = PBXNativeTarget;
			buildConfigurationList = 17CDC48E2D6DDB17006987AB /* Build configuration list for PBXNativeTarget "Zervvo Pet Tracker" */;
			buildPhases = (
				17CDC4612D6DDB15006987AB /* Sources */,
				17CDC4622D6DDB15006987AB /* Frameworks */,
				17CDC4632D6DDB15006987AB /* Resources */,
			);
			buildRules = (
			);
			dependencies = (
			);
			fileSystemSynchronizedGroups = (
				17CDC4672D6DDB15006987AB /* Zervvo Pet Tracker */,
			);
			name = "Zervvo Pet Tracker";
			packageProductDependencies = (
				171E04EC2D70DBEA00E76D9D /* Kingfisher */,
				171E04EF2D70DCB000E76D9D /* FirebaseAnalytics */,
				171E04F12D70DCB000E76D9D /* FirebaseAnalyticsOnDeviceConversion */,
				171E04F32D70DCB000E76D9D /* FirebaseAnalyticsWithoutAdIdSupport */,
				171E04F52D70DCB000E76D9D /* FirebaseAppCheck */,
				171E04F72D70DCB000E76D9D /* FirebaseAppDistribution-Beta */,
				171E04F92D70DCB000E76D9D /* FirebaseAuth */,
				171E04FB2D70DCB000E76D9D /* FirebaseAuthCombine-Community */,
				171E04FD2D70DCB000E76D9D /* FirebaseCore */,
				171E04FF2D70DCB000E76D9D /* FirebaseCrashlytics */,
				171E05012D70DCB000E76D9D /* FirebaseDatabase */,
				171E05032D70DCB000E76D9D /* FirebaseDynamicLinks */,
				171E05052D70DCB000E76D9D /* FirebaseFirestore */,
				171E05072D70DCB000E76D9D /* FirebaseFirestoreCombine-Community */,
				171E05092D70DCB000E76D9D /* FirebaseFunctions */,
				171E050B2D70DCB000E76D9D /* FirebaseFunctionsCombine-Community */,
				171E050D2D70DCB000E76D9D /* FirebaseInAppMessaging-Beta */,
				171E050F2D70DCB000E76D9D /* FirebaseInstallations */,
				171E05112D70DCB000E76D9D /* FirebaseMLModelDownloader */,
				171E05132D70DCB000E76D9D /* FirebaseMessaging */,
				171E05152D70DCB000E76D9D /* FirebasePerformance */,
				171E05172D70DCB000E76D9D /* FirebaseRemoteConfig */,
				171E05192D70DCB000E76D9D /* FirebaseStorage */,
				171E051B2D70DCB000E76D9D /* FirebaseStorageCombine-Community */,
				171E051D2D70DCB000E76D9D /* FirebaseVertexAI */,
			);
			productName = "Zervvo Pet Tracker";
			productReference = 17CDC4652D6DDB15006987AB /* Zervvo Pet Tracker.app */;
			productType = "com.apple.product-type.application";
		};
		17CDC4792D6DDB17006987AB /* Zervvo Pet TrackerTests */ = {
			isa = PBXNativeTarget;
			buildConfigurationList = 17CDC4912D6DDB17006987AB /* Build configuration list for PBXNativeTarget "Zervvo Pet TrackerTests" */;
			buildPhases = (
				17CDC4762D6DDB17006987AB /* Sources */,
				17CDC4772D6DDB17006987AB /* Frameworks */,
				17CDC4782D6DDB17006987AB /* Resources */,
			);
			buildRules = (
			);
			dependencies = (
				17CDC47C2D6DDB17006987AB /* PBXTargetDependency */,
			);
			fileSystemSynchronizedGroups = (
				17CDC47D2D6DDB17006987AB /* Zervvo Pet TrackerTests */,
			);
			name = "Zervvo Pet TrackerTests";
			packageProductDependencies = (
			);
			productName = "Zervvo Pet TrackerTests";
			productReference = 17CDC47A2D6DDB17006987AB /* Zervvo Pet TrackerTests.xctest */;
			productType = "com.apple.product-type.bundle.unit-test";
		};
		17CDC4832D6DDB17006987AB /* Zervvo Pet TrackerUITests */ = {
			isa = PBXNativeTarget;
			buildConfigurationList = 17CDC4942D6DDB17006987AB /* Build configuration list for PBXNativeTarget "Zervvo Pet TrackerUITests" */;
			buildPhases = (
				17CDC4802D6DDB17006987AB /* Sources */,
				17CDC4812D6DDB17006987AB /* Frameworks */,
				17CDC4822D6DDB17006987AB /* Resources */,
			);
			buildRules = (
			);
			dependencies = (
				17CDC4862D6DDB17006987AB /* PBXTargetDependency */,
			);
			fileSystemSynchronizedGroups = (
				17CDC4872D6DDB17006987AB /* Zervvo Pet TrackerUITests */,
			);
			name = "Zervvo Pet TrackerUITests";
			packageProductDependencies = (
			);
			productName = "Zervvo Pet TrackerUITests";
			productReference = 17CDC4842D6DDB17006987AB /* Zervvo Pet TrackerUITests.xctest */;
			productType = "com.apple.product-type.bundle.ui-testing";
		};
/* End PBXNativeTarget section */

/* Begin PBXProject section */
		17CDC45D2D6DDB15006987AB /* Project object */ = {
			isa = PBXProject;
			attributes = {
				BuildIndependentTargetsInParallel = 1;
				LastSwiftUpdateCheck = 1620;
				LastUpgradeCheck = 1620;
				TargetAttributes = {
					17CDC4642D6DDB15006987AB = {
						CreatedOnToolsVersion = 16.2;
					};
					17CDC4792D6DDB17006987AB = {
						CreatedOnToolsVersion = 16.2;
						TestTargetID = 17CDC4642D6DDB15006987AB;
					};
					17CDC4832D6DDB17006987AB = {
						CreatedOnToolsVersion = 16.2;
						TestTargetID = 17CDC4642D6DDB15006987AB;
					};
				};
			};
			buildConfigurationList = 17CDC4602D6DDB15006987AB /* Build configuration list for PBXProject "Zervvo Pet Tracker" */;
			compatibilityVersion = "Xcode 15.0";
			developmentRegion = en;
			hasScannedForEncodings = 0;
			knownRegions = (
				en,
				Base,
			);
			mainGroup = 17CDC45C2D6DDB15006987AB;
			minimizedProjectReferenceProxies = 1;
			packageReferences = (
				171E04EB2D70DBEA00E76D9D /* XCRemoteSwiftPackageReference "Kingfisher" */,
				171E04EE2D70DCAF00E76D9D /* XCRemoteSwiftPackageReference "firebase-ios-sdk" */,
			);
			productRefGroup = 17CDC4662D6DDB15006987AB /* Products */;
			projectDirPath = "";
			projectRoot = "";
			targets = (
				17CDC4642D6DDB15006987AB /* Zervvo Pet Tracker */,
				17CDC4792D6DDB17006987AB /* Zervvo Pet TrackerTests */,
				17CDC4832D6DDB17006987AB /* Zervvo Pet TrackerUITests */,
			);
		};
/* End PBXProject section */

/* Begin PBXResourcesBuildPhase section */
		17CDC4632D6DDB15006987AB /* Resources */ = {
			isa = PBXResourcesBuildPhase;
			buildActionMask = 2147483647;
			files = (
			);
			runOnlyForDeploymentPostprocessing = 0;
		};
		17CDC4782D6DDB17006987AB /* Resources */ = {
			isa = PBXResourcesBuildPhase;
			buildActionMask = 2147483647;
			files = (
			);
			runOnlyForDeploymentPostprocessing = 0;
		};
		17CDC4822D6DDB17006987AB /* Resources */ = {
			isa = PBXResourcesBuildPhase;
			buildActionMask = 2147483647;
			files = (
			);
			runOnlyForDeploymentPostprocessing = 0;
		};
/* End PBXResourcesBuildPhase section */

/* Begin PBXSourcesBuildPhase section */
		17CDC4612D6DDB15006987AB /* Sources */ = {
			isa = PBXSourcesBuildPhase;
			buildActionMask = 2147483647;
			files = (
			);
			runOnlyForDeploymentPostprocessing = 0;
		};
		17CDC4762D6DDB17006987AB /* Sources */ = {
			isa = PBXSourcesBuildPhase;
			buildActionMask = 2147483647;
			files = (
			);
			runOnlyForDeploymentPostprocessing = 0;
		};
		17CDC4802D6DDB17006987AB /* Sources */ = {
			isa = PBXSourcesBuildPhase;
			buildActionMask = 2147483647;
			files = (
			);
			runOnlyForDeploymentPostprocessing = 0;
		};
/* End PBXSourcesBuildPhase section */

/* Begin PBXTargetDependency section */
		17CDC47C2D6DDB17006987AB /* PBXTargetDependency */ = {
			isa = PBXTargetDependency;
			target = 17CDC4642D6DDB15006987AB /* Zervvo Pet Tracker */;
			targetProxy = 17CDC47B2D6DDB17006987AB /* PBXContainerItemProxy */;
		};
		17CDC4862D6DDB17006987AB /* PBXTargetDependency */ = {
			isa = PBXTargetDependency;
			target = 17CDC4642D6DDB15006987AB /* Zervvo Pet Tracker */;
			targetProxy = 17CDC4852D6DDB17006987AB /* PBXContainerItemProxy */;
		};
/* End PBXTargetDependency section */

/* Begin XCBuildConfiguration section */
		17CDC48C2D6DDB17006987AB /* Debug */ = {
			isa = XCBuildConfiguration;
			buildSettings = {
				ALWAYS_SEARCH_USER_PATHS = NO;
				ASSETCATALOG_COMPILER_GENERATE_SWIFT_ASSET_SYMBOL_EXTENSIONS = YES;
				CLANG_ANALYZER_NONNULL = YES;
				CLANG_ANALYZER_NUMBER_OBJECT_CONVERSION = YES_AGGRESSIVE;
				CLANG_CXX_LANGUAGE_STANDARD = "gnu++20";
				CLANG_ENABLE_MODULES = YES;
				CLANG_ENABLE_OBJC_ARC = YES;
				CLANG_ENABLE_OBJC_WEAK = YES;
				CLANG_WARN_BLOCK_CAPTURE_AUTORELEASING = YES;
				CLANG_WARN_BOOL_CONVERSION = YES;
				CLANG_WARN_COMMA = YES;
				CLANG_WARN_CONSTANT_CONVERSION = YES;
				CLANG_WARN_DEPRECATED_OBJC_IMPLEMENTATIONS = YES;
				CLANG_WARN_DIRECT_OBJC_ISA_USAGE = YES_ERROR;
				CLANG_WARN_DOCUMENTATION_COMMENTS = YES;
				CLANG_WARN_EMPTY_BODY = YES;
				CLANG_WARN_ENUM_CONVERSION = YES;
				CLANG_WARN_INFINITE_RECURSION = YES;
				CLANG_WARN_INT_CONVERSION = YES;
				CLANG_WARN_NON_LITERAL_NULL_CONVERSION = YES;
				CLANG_WARN_OBJC_IMPLICIT_RETAIN_SELF = YES;
				CLANG_WARN_OBJC_LITERAL_CONVERSION = YES;
				CLANG_WARN_OBJC_ROOT_CLASS = YES_ERROR;
				CLANG_WARN_QUOTED_INCLUDE_IN_FRAMEWORK_HEADER = YES;
				CLANG_WARN_RANGE_LOOP_ANALYSIS = YES;
				CLANG_WARN_STRICT_PROTOTYPES = YES;
				CLANG_WARN_SUSPICIOUS_MOVE = YES;
				CLANG_WARN_UNGUARDED_AVAILABILITY = YES_AGGRESSIVE;
				CLANG_WARN_UNREACHABLE_CODE = YES;
				CLANG_WARN__DUPLICATE_METHOD_MATCH = YES;
				COPY_PHASE_STRIP = NO;
				DEBUG_INFORMATION_FORMAT = dwarf;
				ENABLE_STRICT_OBJC_MSGSEND = YES;
				ENABLE_TESTABILITY = YES;
				ENABLE_USER_SCRIPT_SANDBOXING = YES;
				GCC_C_LANGUAGE_STANDARD = gnu17;
				GCC_DYNAMIC_NO_PIC = NO;
				GCC_NO_COMMON_BLOCKS = YES;
				GCC_OPTIMIZATION_LEVEL = 0;
				GCC_PREPROCESSOR_DEFINITIONS = (
					"DEBUG=1",
					"$(inherited)",
				);
				GCC_WARN_64_TO_32_BIT_CONVERSION = YES;
				GCC_WARN_ABOUT_RETURN_TYPE = YES_ERROR;
				GCC_WARN_UNDECLARED_SELECTOR = YES;
				GCC_WARN_UNINITIALIZED_AUTOS = YES_AGGRESSIVE;
				GCC_WARN_UNUSED_FUNCTION = YES;
				GCC_WARN_UNUSED_VARIABLE = YES;
				IPHONEOS_DEPLOYMENT_TARGET = 18.2;
				LOCALIZATION_PREFERS_STRING_CATALOGS = YES;
				MTL_ENABLE_DEBUG_INFO = INCLUDE_SOURCE;
				MTL_FAST_MATH = YES;
				ONLY_ACTIVE_ARCH = YES;
				SDKROOT = iphoneos;
				SWIFT_ACTIVE_COMPILATION_CONDITIONS = "DEBUG $(inherited)";
				SWIFT_OPTIMIZATION_LEVEL = "-Onone";
			};
			name = Debug;
		};
		17CDC48D2D6DDB17006987AB /* Release */ = {
			isa = XCBuildConfiguration;
			buildSettings = {
				ALWAYS_SEARCH_USER_PATHS = NO;
				ASSETCATALOG_COMPILER_GENERATE_SWIFT_ASSET_SYMBOL_EXTENSIONS = YES;
				CLANG_ANALYZER_NONNULL = YES;
				CLANG_ANALYZER_NUMBER_OBJECT_CONVERSION = YES_AGGRESSIVE;
				CLANG_CXX_LANGUAGE_STANDARD = "gnu++20";
				CLANG_ENABLE_MODULES = YES;
				CLANG_ENABLE_OBJC_ARC = YES;
				CLANG_ENABLE_OBJC_WEAK = YES;
				CLANG_WARN_BLOCK_CAPTURE_AUTORELEASING = YES;
				CLANG_WARN_BOOL_CONVERSION = YES;
				CLANG_WARN_COMMA = YES;
				CLANG_WARN_CONSTANT_CONVERSION = YES;
				CLANG_WARN_DEPRECATED_OBJC_IMPLEMENTATIONS = YES;
				CLANG_WARN_DIRECT_OBJC_ISA_USAGE = YES_ERROR;
				CLANG_WARN_DOCUMENTATION_COMMENTS = YES;
				CLANG_WARN_EMPTY_BODY = YES;
				CLANG_WARN_ENUM_CONVERSION = YES;
				CLANG_WARN_INFINITE_RECURSION = YES;
				CLANG_WARN_INT_CONVERSION = YES;
				CLANG_WARN_NON_LITERAL_NULL_CONVERSION = YES;
				CLANG_WARN_OBJC_IMPLICIT_RETAIN_SELF = YES;
				CLANG_WARN_OBJC_LITERAL_CONVERSION = YES;
				CLANG_WARN_OBJC_ROOT_CLASS = YES_ERROR;
				CLANG_WARN_QUOTED_INCLUDE_IN_FRAMEWORK_HEADER = YES;
				CLANG_WARN_RANGE_LOOP_ANALYSIS = YES;
				CLANG_WARN_STRICT_PROTOTYPES = YES;
				CLANG_WARN_SUSPICIOUS_MOVE = YES;
				CLANG_WARN_UNGUARDED_AVAILABILITY = YES_AGGRESSIVE;
				CLANG_WARN_UNREACHABLE_CODE = YES;
				CLANG_WARN__DUPLICATE_METHOD_MATCH = YES;
				COPY_PHASE_STRIP = NO;
				DEBUG_INFORMATION_FORMAT = "dwarf-with-dsym";
				ENABLE_NS_ASSERTIONS = NO;
				ENABLE_STRICT_OBJC_MSGSEND = YES;
				ENABLE_USER_SCRIPT_SANDBOXING = YES;
				GCC_C_LANGUAGE_STANDARD = gnu17;
				GCC_NO_COMMON_BLOCKS = YES;
				GCC_WARN_64_TO_32_BIT_CONVERSION = YES;
				GCC_WARN_ABOUT_RETURN_TYPE = YES_ERROR;
				GCC_WARN_UNDECLARED_SELECTOR = YES;
				GCC_WARN_UNINITIALIZED_AUTOS = YES_AGGRESSIVE;
				GCC_WARN_UNUSED_FUNCTION = YES;
				GCC_WARN_UNUSED_VARIABLE = YES;
				IPHONEOS_DEPLOYMENT_TARGET = 18.2;
				LOCALIZATION_PREFERS_STRING_CATALOGS = YES;
				MTL_ENABLE_DEBUG_INFO = NO;
				MTL_FAST_MATH = YES;
				SDKROOT = iphoneos;
				SWIFT_COMPILATION_MODE = wholemodule;
				VALIDATE_PRODUCT = YES;
			};
			name = Release;
		};
		17CDC48F2D6DDB17006987AB /* Debug */ = {
			isa = XCBuildConfiguration;
			buildSettings = {
				ASSETCATALOG_COMPILER_APPICON_NAME = AppIcon;
				ASSETCATALOG_COMPILER_GLOBAL_ACCENT_COLOR_NAME = AccentColor;
				CODE_SIGN_STYLE = Automatic;
				CURRENT_PROJECT_VERSION = 1;
				DEVELOPMENT_ASSET_PATHS = "\"Zervvo Pet Tracker/Preview Content\"";
				DEVELOPMENT_TEAM = 8CD8N4Y5A6;
				ENABLE_PREVIEWS = YES;
				GENERATE_INFOPLIST_FILE = YES;
				INFOPLIST_KEY_CFBundleDisplayName = ZervvoTracker;
				INFOPLIST_KEY_UIApplicationSceneManifest_Generation = YES;
				INFOPLIST_KEY_UIApplicationSupportsIndirectInputEvents = YES;
				INFOPLIST_KEY_UILaunchScreen_Generation = YES;
				INFOPLIST_KEY_UISupportedInterfaceOrientations_iPad = "UIInterfaceOrientationPortrait UIInterfaceOrientationPortraitUpsideDown UIInterfaceOrientationLandscapeLeft UIInterfaceOrientationLandscapeRight";
				INFOPLIST_KEY_UISupportedInterfaceOrientations_iPhone = "UIInterfaceOrientationPortrait UIInterfaceOrientationLandscapeLeft UIInterfaceOrientationLandscapeRight";
				LD_RUNPATH_SEARCH_PATHS = (
					"$(inherited)",
					"@executable_path/Frameworks",
				);
				MARKETING_VERSION = 1.0;
				PRODUCT_BUNDLE_IDENTIFIER = com.zervvo.pettracker;
				PRODUCT_NAME = "$(TARGET_NAME)";
				SWIFT_EMIT_LOC_STRINGS = YES;
				SWIFT_VERSION = 5.0;
				TARGETED_DEVICE_FAMILY = "1,2";
			};
			name = Debug;
		};
		17CDC4902D6DDB17006987AB /* Release */ = {
			isa = XCBuildConfiguration;
			buildSettings = {
				ASSETCATALOG_COMPILER_APPICON_NAME = AppIcon;
				ASSETCATALOG_COMPILER_GLOBAL_ACCENT_COLOR_NAME = AccentColor;
				CODE_SIGN_STYLE = Automatic;
				CURRENT_PROJECT_VERSION = 1;
				DEVELOPMENT_ASSET_PATHS = "\"Zervvo Pet Tracker/Preview Content\"";
				DEVELOPMENT_TEAM = 8CD8N4Y5A6;
				ENABLE_PREVIEWS = YES;
				GENERATE_INFOPLIST_FILE = YES;
				INFOPLIST_KEY_CFBundleDisplayName = ZervvoTracker;
				INFOPLIST_KEY_UIApplicationSceneManifest_Generation = YES;
				INFOPLIST_KEY_UIApplicationSupportsIndirectInputEvents = YES;
				INFOPLIST_KEY_UILaunchScreen_Generation = YES;
				INFOPLIST_KEY_UISupportedInterfaceOrientations_iPad = "UIInterfaceOrientationPortrait UIInterfaceOrientationPortraitUpsideDown UIInterfaceOrientationLandscapeLeft UIInterfaceOrientationLandscapeRight";
				INFOPLIST_KEY_UISupportedInterfaceOrientations_iPhone = "UIInterfaceOrientationPortrait UIInterfaceOrientationLandscapeLeft UIInterfaceOrientationLandscapeRight";
				LD_RUNPATH_SEARCH_PATHS = (
					"$(inherited)",
					"@executable_path/Frameworks",
				);
				MARKETING_VERSION = 1.0;
				PRODUCT_BUNDLE_IDENTIFIER = com.zervvo.pettracker;
				PRODUCT_NAME = "$(TARGET_NAME)";
				SWIFT_EMIT_LOC_STRINGS = YES;
				SWIFT_VERSION = 5.0;
				TARGETED_DEVICE_FAMILY = "1,2";
			};
			name = Release;
		};
		17CDC4922D6DDB17006987AB /* Debug */ = {
			isa = XCBuildConfiguration;
			buildSettings = {
				BUNDLE_LOADER = "$(TEST_HOST)";
				CODE_SIGN_STYLE = Automatic;
				CURRENT_PROJECT_VERSION = 1;
				DEVELOPMENT_TEAM = 8CD8N4Y5A6;
				GENERATE_INFOPLIST_FILE = YES;
				IPHONEOS_DEPLOYMENT_TARGET = 18.2;
				MARKETING_VERSION = 1.0;
				PRODUCT_BUNDLE_IDENTIFIER = "com.airia.feed.Zervvo-Pet-TrackerTests";
				PRODUCT_NAME = "$(TARGET_NAME)";
				SWIFT_EMIT_LOC_STRINGS = NO;
				SWIFT_VERSION = 5.0;
				TARGETED_DEVICE_FAMILY = "1,2";
				TEST_HOST = "$(BUILT_PRODUCTS_DIR)/Zervvo Pet Tracker.app/$(BUNDLE_EXECUTABLE_FOLDER_PATH)/Zervvo Pet Tracker";
			};
			name = Debug;
		};
		17CDC4932D6DDB17006987AB /* Release */ = {
			isa = XCBuildConfiguration;
			buildSettings = {
				BUNDLE_LOADER = "$(TEST_HOST)";
				CODE_SIGN_STYLE = Automatic;
				CURRENT_PROJECT_VERSION = 1;
				DEVELOPMENT_TEAM = 8CD8N4Y5A6;
				GENERATE_INFOPLIST_FILE = YES;
				IPHONEOS_DEPLOYMENT_TARGET = 18.2;
				MARKETING_VERSION = 1.0;
				PRODUCT_BUNDLE_IDENTIFIER = "com.airia.feed.Zervvo-Pet-TrackerTests";
				PRODUCT_NAME = "$(TARGET_NAME)";
				SWIFT_EMIT_LOC_STRINGS = NO;
				SWIFT_VERSION = 5.0;
				TARGETED_DEVICE_FAMILY = "1,2";
				TEST_HOST = "$(BUILT_PRODUCTS_DIR)/Zervvo Pet Tracker.app/$(BUNDLE_EXECUTABLE_FOLDER_PATH)/Zervvo Pet Tracker";
			};
			name = Release;
		};
		17CDC4952D6DDB17006987AB /* Debug */ = {
			isa = XCBuildConfiguration;
			buildSettings = {
				CODE_SIGN_STYLE = Automatic;
				CURRENT_PROJECT_VERSION = 1;
				DEVELOPMENT_TEAM = 8CD8N4Y5A6;
				GENERATE_INFOPLIST_FILE = YES;
				MARKETING_VERSION = 1.0;
				PRODUCT_BUNDLE_IDENTIFIER = "com.airia.feed.Zervvo-Pet-TrackerUITests";
				PRODUCT_NAME = "$(TARGET_NAME)";
				SWIFT_EMIT_LOC_STRINGS = NO;
				SWIFT_VERSION = 5.0;
				TARGETED_DEVICE_FAMILY = "1,2";
				TEST_TARGET_NAME = "Zervvo Pet Tracker";
			};
			name = Debug;
		};
		17CDC4962D6DDB17006987AB /* Release */ = {
			isa = XCBuildConfiguration;
			buildSettings = {
				CODE_SIGN_STYLE = Automatic;
				CURRENT_PROJECT_VERSION = 1;
				DEVELOPMENT_TEAM = 8CD8N4Y5A6;
				GENERATE_INFOPLIST_FILE = YES;
				MARKETING_VERSION = 1.0;
				PRODUCT_BUNDLE_IDENTIFIER = "com.airia.feed.Zervvo-Pet-TrackerUITests";
				PRODUCT_NAME = "$(TARGET_NAME)";
				SWIFT_EMIT_LOC_STRINGS = NO;
				SWIFT_VERSION = 5.0;
				TARGETED_DEVICE_FAMILY = "1,2";
				TEST_TARGET_NAME = "Zervvo Pet Tracker";
			};
			name = Release;
		};
/* End XCBuildConfiguration section */

/* Begin XCConfigurationList section */
		17CDC4602D6DDB15006987AB /* Build configuration list for PBXProject "Zervvo Pet Tracker" */ = {
			isa = XCConfigurationList;
			buildConfigurations = (
				17CDC48C2D6DDB17006987AB /* Debug */,
				17CDC48D2D6DDB17006987AB /* Release */,
			);
			defaultConfigurationIsVisible = 0;
			defaultConfigurationName = Release;
		};
		17CDC48E2D6DDB17006987AB /* Build configuration list for PBXNativeTarget "Zervvo Pet Tracker" */ = {
			isa = XCConfigurationList;
			buildConfigurations = (
				17CDC48F2D6DDB17006987AB /* Debug */,
				17CDC4902D6DDB17006987AB /* Release */,
			);
			defaultConfigurationIsVisible = 0;
			defaultConfigurationName = Release;
		};
		17CDC4912D6DDB17006987AB /* Build configuration list for PBXNativeTarget "Zervvo Pet TrackerTests" */ = {
			isa = XCConfigurationList;
			buildConfigurations = (
				17CDC4922D6DDB17006987AB /* Debug */,
				17CDC4932D6DDB17006987AB /* Release */,
			);
			defaultConfigurationIsVisible = 0;
			defaultConfigurationName = Release;
		};
		17CDC4942D6DDB17006987AB /* Build configuration list for PBXNativeTarget "Zervvo Pet TrackerUITests" */ = {
			isa = XCConfigurationList;
			buildConfigurations = (
				17CDC4952D6DDB17006987AB /* Debug */,
				17CDC4962D6DDB17006987AB /* Release */,
			);
			defaultConfigurationIsVisible = 0;
			defaultConfigurationName = Release;
		};
/* End XCConfigurationList section */

/* Begin XCRemoteSwiftPackageReference section */
		171E04EB2D70DBEA00E76D9D /* XCRemoteSwiftPackageReference "Kingfisher" */ = {
			isa = XCRemoteSwiftPackageReference;
			repositoryURL = "https://github.com/onevcat/Kingfisher.git";
			requirement = {
				kind = upToNextMajorVersion;
				minimumVersion = 8.2.0;
			};
		};
		171E04EE2D70DCAF00E76D9D /* XCRemoteSwiftPackageReference "firebase-ios-sdk" */ = {
			isa = XCRemoteSwiftPackageReference;
			repositoryURL = "https://github.com/firebase/firebase-ios-sdk.git";
			requirement = {
				kind = upToNextMajorVersion;
				minimumVersion = 11.9.0;
			};
		};
/* End XCRemoteSwiftPackageReference section */

/* Begin XCSwiftPackageProductDependency section */
		171E04EC2D70DBEA00E76D9D /* Kingfisher */ = {
			isa = XCSwiftPackageProductDependency;
			package = 171E04EB2D70DBEA00E76D9D /* XCRemoteSwiftPackageReference "Kingfisher" */;
			productName = Kingfisher;
		};
		171E04EF2D70DCB000E76D9D /* FirebaseAnalytics */ = {
			isa = XCSwiftPackageProductDependency;
			package = 171E04EE2D70DCAF00E76D9D /* XCRemoteSwiftPackageReference "firebase-ios-sdk" */;
			productName = FirebaseAnalytics;
		};
		171E04F12D70DCB000E76D9D /* FirebaseAnalyticsOnDeviceConversion */ = {
			isa = XCSwiftPackageProductDependency;
			package = 171E04EE2D70DCAF00E76D9D /* XCRemoteSwiftPackageReference "firebase-ios-sdk" */;
			productName = FirebaseAnalyticsOnDeviceConversion;
		};
		171E04F32D70DCB000E76D9D /* FirebaseAnalyticsWithoutAdIdSupport */ = {
			isa = XCSwiftPackageProductDependency;
			package = 171E04EE2D70DCAF00E76D9D /* XCRemoteSwiftPackageReference "firebase-ios-sdk" */;
			productName = FirebaseAnalyticsWithoutAdIdSupport;
		};
		171E04F52D70DCB000E76D9D /* FirebaseAppCheck */ = {
			isa = XCSwiftPackageProductDependency;
			package = 171E04EE2D70DCAF00E76D9D /* XCRemoteSwiftPackageReference "firebase-ios-sdk" */;
			productName = FirebaseAppCheck;
		};
		171E04F72D70DCB000E76D9D /* FirebaseAppDistribution-Beta */ = {
			isa = XCSwiftPackageProductDependency;
			package = 171E04EE2D70DCAF00E76D9D /* XCRemoteSwiftPackageReference "firebase-ios-sdk" */;
			productName = "FirebaseAppDistribution-Beta";
		};
		171E04F92D70DCB000E76D9D /* FirebaseAuth */ = {
			isa = XCSwiftPackageProductDependency;
			package = 171E04EE2D70DCAF00E76D9D /* XCRemoteSwiftPackageReference "firebase-ios-sdk" */;
			productName = FirebaseAuth;
		};
		171E04FB2D70DCB000E76D9D /* FirebaseAuthCombine-Community */ = {
			isa = XCSwiftPackageProductDependency;
			package = 171E04EE2D70DCAF00E76D9D /* XCRemoteSwiftPackageReference "firebase-ios-sdk" */;
			productName = "FirebaseAuthCombine-Community";
		};
		171E04FD2D70DCB000E76D9D /* FirebaseCore */ = {
			isa = XCSwiftPackageProductDependency;
			package = 171E04EE2D70DCAF00E76D9D /* XCRemoteSwiftPackageReference "firebase-ios-sdk" */;
			productName = FirebaseCore;
		};
		171E04FF2D70DCB000E76D9D /* FirebaseCrashlytics */ = {
			isa = XCSwiftPackageProductDependency;
			package = 171E04EE2D70DCAF00E76D9D /* XCRemoteSwiftPackageReference "firebase-ios-sdk" */;
			productName = FirebaseCrashlytics;
		};
		171E05012D70DCB000E76D9D /* FirebaseDatabase */ = {
			isa = XCSwiftPackageProductDependency;
			package = 171E04EE2D70DCAF00E76D9D /* XCRemoteSwiftPackageReference "firebase-ios-sdk" */;
			productName = FirebaseDatabase;
		};
		171E05032D70DCB000E76D9D /* FirebaseDynamicLinks */ = {
			isa = XCSwiftPackageProductDependency;
			package = 171E04EE2D70DCAF00E76D9D /* XCRemoteSwiftPackageReference "firebase-ios-sdk" */;
			productName = FirebaseDynamicLinks;
		};
		171E05052D70DCB000E76D9D /* FirebaseFirestore */ = {
			isa = XCSwiftPackageProductDependency;
			package = 171E04EE2D70DCAF00E76D9D /* XCRemoteSwiftPackageReference "firebase-ios-sdk" */;
			productName = FirebaseFirestore;
		};
		171E05072D70DCB000E76D9D /* FirebaseFirestoreCombine-Community */ = {
			isa = XCSwiftPackageProductDependency;
			package = 171E04EE2D70DCAF00E76D9D /* XCRemoteSwiftPackageReference "firebase-ios-sdk" */;
			productName = "FirebaseFirestoreCombine-Community";
		};
		171E05092D70DCB000E76D9D /* FirebaseFunctions */ = {
			isa = XCSwiftPackageProductDependency;
			package = 171E04EE2D70DCAF00E76D9D /* XCRemoteSwiftPackageReference "firebase-ios-sdk" */;
			productName = FirebaseFunctions;
		};
		171E050B2D70DCB000E76D9D /* FirebaseFunctionsCombine-Community */ = {
			isa = XCSwiftPackageProductDependency;
			package = 171E04EE2D70DCAF00E76D9D /* XCRemoteSwiftPackageReference "firebase-ios-sdk" */;
			productName = "FirebaseFunctionsCombine-Community";
		};
		171E050D2D70DCB000E76D9D /* FirebaseInAppMessaging-Beta */ = {
			isa = XCSwiftPackageProductDependency;
			package = 171E04EE2D70DCAF00E76D9D /* XCRemoteSwiftPackageReference "firebase-ios-sdk" */;
			productName = "FirebaseInAppMessaging-Beta";
		};
		171E050F2D70DCB000E76D9D /* FirebaseInstallations */ = {
			isa = XCSwiftPackageProductDependency;
			package = 171E04EE2D70DCAF00E76D9D /* XCRemoteSwiftPackageReference "firebase-ios-sdk" */;
			productName = FirebaseInstallations;
		};
		171E05112D70DCB000E76D9D /* FirebaseMLModelDownloader */ = {
			isa = XCSwiftPackageProductDependency;
			package = 171E04EE2D70DCAF00E76D9D /* XCRemoteSwiftPackageReference "firebase-ios-sdk" */;
			productName = FirebaseMLModelDownloader;
		};
		171E05132D70DCB000E76D9D /* FirebaseMessaging */ = {
			isa = XCSwiftPackageProductDependency;
			package = 171E04EE2D70DCAF00E76D9D /* XCRemoteSwiftPackageReference "firebase-ios-sdk" */;
			productName = FirebaseMessaging;
		};
		171E05152D70DCB000E76D9D /* FirebasePerformance */ = {
			isa = XCSwiftPackageProductDependency;
			package = 171E04EE2D70DCAF00E76D9D /* XCRemoteSwiftPackageReference "firebase-ios-sdk" */;
			productName = FirebasePerformance;
		};
		171E05172D70DCB000E76D9D /* FirebaseRemoteConfig */ = {
			isa = XCSwiftPackageProductDependency;
			package = 171E04EE2D70DCAF00E76D9D /* XCRemoteSwiftPackageReference "firebase-ios-sdk" */;
			productName = FirebaseRemoteConfig;
		};
		171E05192D70DCB000E76D9D /* FirebaseStorage */ = {
			isa = XCSwiftPackageProductDependency;
			package = 171E04EE2D70DCAF00E76D9D /* XCRemoteSwiftPackageReference "firebase-ios-sdk" */;
			productName = FirebaseStorage;
		};
		171E051B2D70DCB000E76D9D /* FirebaseStorageCombine-Community */ = {
			isa = XCSwiftPackageProductDependency;
			package = 171E04EE2D70DCAF00E76D9D /* XCRemoteSwiftPackageReference "firebase-ios-sdk" */;
			productName = "FirebaseStorageCombine-Community";
		};
		171E051D2D70DCB000E76D9D /* FirebaseVertexAI */ = {
			isa = XCSwiftPackageProductDependency;
			package = 171E04EE2D70DCAF00E76D9D /* XCRemoteSwiftPackageReference "firebase-ios-sdk" */;
			productName = FirebaseVertexAI;
		};
/* End XCSwiftPackageProductDependency section */
	};
	rootObject = 17CDC45D2D6DDB15006987AB /* Project object */;
}
